workspace:
  packages:
    purescm-snapshots:
      path: ./
      dependencies:
        - arrays
        - assert
        - bifunctors
        - catenable-lists
        - console
        - const
        - contravariant
        - control
        - distributive
        - effect
        - either
        - enums
        - exceptions
        - exists
        - filterable
        - foldable-traversable
        - free
        - functions
        - functors
        - gen
        - identity
        - integers
        - invariant
        - lazy
        - lists
        - maybe
        - minibench
        - newtype
        - nonempty
        - numbers
        - ordered-collections
        - orders
        - parallel
        - partial
        - prelude
        - profunctor
        - record
        - refs
        - safe-coerce
        - semirings
        - st
        - tailrec
        - transformers
        - tuples
        - type-equality
        - unfoldable
        - unsafe-coerce
        - validation
      test_dependencies: []
      build_plan:
        - arrays
        - assert
        - bifunctors
        - catenable-lists
        - console
        - const
        - contravariant
        - control
        - distributive
        - effect
        - either
        - enums
        - exceptions
        - exists
        - filterable
        - foldable-traversable
        - free
        - functions
        - functors
        - gen
        - identity
        - integers
        - invariant
        - lazy
        - lists
        - maybe
        - minibench
        - newtype
        - nonempty
        - numbers
        - ordered-collections
        - orders
        - parallel
        - partial
        - prelude
        - profunctor
        - record
        - refs
        - safe-coerce
        - semirings
        - st
        - tailrec
        - transformers
        - tuples
        - type-equality
        - unfoldable
        - unsafe-coerce
        - validation
  package_set:
    address:
      path: ../package-sets/1.0.0.json
    compiler: ">=0.15.10 <0.16.0"
    content:
      arrays:
        git: https://github.com/purescm/purescript-core.git
        ref: 154d77119aa25b70f07f4b880dcba41ed811a852
        subdir: arrays
      assert:
        git: https://github.com/purescm/purescript-core.git
        ref: 154d77119aa25b70f07f4b880dcba41ed811a852
        subdir: assert
      bifunctors: 6.0.0
      catenable-lists: 7.0.0
      console:
        git: https://github.com/purescm/purescript-core.git
        ref: 154d77119aa25b70f07f4b880dcba41ed811a852
        subdir: console
      const: 6.0.0
      contravariant: 6.0.0
      control:
        git: https://github.com/purescm/purescript-core.git
        ref: 154d77119aa25b70f07f4b880dcba41ed811a852
        subdir: control
      distributive: 6.0.0
      effect:
        git: https://github.com/purescm/purescript-core.git
        ref: 154d77119aa25b70f07f4b880dcba41ed811a852
        subdir: effect
      either: 6.1.0
      enums:
        git: https://github.com/purescm/purescript-core.git
        ref: 154d77119aa25b70f07f4b880dcba41ed811a852
        subdir: enums
      exceptions:
        git: https://github.com/purescm/purescript-core.git
        ref: 154d77119aa25b70f07f4b880dcba41ed811a852
        subdir: exceptions
      exists: 6.0.0
      filterable: 5.0.0
      foldable-traversable:
        git: https://github.com/purescm/purescript-core.git
        ref: 154d77119aa25b70f07f4b880dcba41ed811a852
        subdir: foldable-traversable
      free: 7.1.0
      functions:
        git: https://github.com/purescm/purescript-core.git
        ref: 154d77119aa25b70f07f4b880dcba41ed811a852
        subdir: functions
        dependencies:
          - prelude
      functors: 5.0.0
      gen: 4.0.0
      identity: 6.0.0
      integers:
        git: https://github.com/purescm/purescript-core.git
        ref: 154d77119aa25b70f07f4b880dcba41ed811a852
        subdir: integers
      invariant: 6.0.0
      lazy:
        git: https://github.com/purescm/purescript-core.git
        ref: 154d77119aa25b70f07f4b880dcba41ed811a852
        subdir: lazy
      lists: 7.0.0
      maybe: 6.0.0
      minibench:
        git: https://github.com/purescm/purescript-core.git
        ref: 154d77119aa25b70f07f4b880dcba41ed811a852
        subdir: minibench
      newtype: 5.0.0
      nonempty: 7.0.0
      numbers:
        git: https://github.com/purescm/purescript-core.git
        ref: 154d77119aa25b70f07f4b880dcba41ed811a852
        subdir: numbers
      ordered-collections: 3.1.1
      orders: 6.0.0
      parallel: 7.0.0
      partial:
        git: https://github.com/purescm/purescript-core.git
        ref: 154d77119aa25b70f07f4b880dcba41ed811a852
        subdir: partial
        dependencies: []
      prelude:
        git: https://github.com/purescm/purescript-core.git
        ref: 154d77119aa25b70f07f4b880dcba41ed811a852
        subdir: prelude
      profunctor: 6.0.0
      record:
        git: https://github.com/purescm/purescript-core.git
        ref: 154d77119aa25b70f07f4b880dcba41ed811a852
        subdir: record
      refs:
        git: https://github.com/purescm/purescript-core.git
        ref: 154d77119aa25b70f07f4b880dcba41ed811a852
        subdir: refs
        dependencies:
          - effect
          - prelude
      safe-coerce: 2.0.0
      semirings: 7.0.0
      st:
        git: https://github.com/purescm/purescript-core.git
        ref: 154d77119aa25b70f07f4b880dcba41ed811a852
        subdir: st
      strings:
        git: https://github.com/anttih/purescript-strings.git
        ref: c67d4d6dfa173564a1b8c96a577f2ae1e5186718
      tailrec: 6.1.0
      transformers: 6.0.0
      tuples: 7.0.0
      type-equality: 4.0.1
      unfoldable:
        git: https://github.com/purescm/purescript-core.git
        ref: 154d77119aa25b70f07f4b880dcba41ed811a852
        subdir: unfoldable
      unsafe-coerce:
        git: https://github.com/purescm/purescript-core.git
        ref: 154d77119aa25b70f07f4b880dcba41ed811a852
        subdir: unsafe-coerce
        dependencies: []
      validation: 6.0.0
  extra_packages:
    assert:
      path: ../../core-mono/assert
    console:
      path: ../../core-mono/console
    prelude:
      path: ../../core-mono/prelude
    record:
      path: ../../core-mono/record
    strings:
      path: ../../core-mono/strings
packages:
  arrays:
    type: git
    url: https://github.com/purescm/purescript-core.git
    rev: 154d77119aa25b70f07f4b880dcba41ed811a852
    subdir: arrays
    dependencies:
      - bifunctors
      - control
      - foldable-traversable
      - functions
      - maybe
      - nonempty
      - partial
      - prelude
      - safe-coerce
      - st
      - tailrec
      - tuples
      - unfoldable
      - unsafe-coerce
  assert:
    type: local
    path: ../../core-mono/assert
    dependencies:
      - console
      - effect
      - prelude
  bifunctors:
    type: registry
    version: 6.0.0
    integrity: sha256-/gZwC9YhNxZNQpnHa5BIYerCGM2jeX9ukZiEvYxm5Nw=
    dependencies:
      - const
      - either
      - newtype
      - prelude
      - tuples
  catenable-lists:
    type: registry
    version: 7.0.0
    integrity: sha256-76vYENhwF4BWTBsjeLuErCH2jqVT4M3R1HX+4RwSftA=
    dependencies:
      - control
      - foldable-traversable
      - lists
      - maybe
      - prelude
      - tuples
      - unfoldable
  console:
    type: local
    path: ../../core-mono/console
    dependencies:
      - effect
      - prelude
  const:
    type: registry
    version: 6.0.0
    integrity: sha256-tNrxDW8D8H4jdHE2HiPzpLy08zkzJMmGHdRqt5BQuTc=
    dependencies:
      - invariant
      - newtype
      - prelude
  contravariant:
    type: registry
    version: 6.0.0
    integrity: sha256-TP+ooAp3vvmdjfQsQJSichF5B4BPDHp3wAJoWchip6c=
    dependencies:
      - const
      - either
      - newtype
      - prelude
      - tuples
  control:
    type: git
    url: https://github.com/purescm/purescript-core.git
    rev: 154d77119aa25b70f07f4b880dcba41ed811a852
    subdir: control
    dependencies:
      - newtype
      - prelude
  distributive:
    type: registry
    version: 6.0.0
    integrity: sha256-HTDdmEnzigMl+02SJB88j+gAXDx9VKsbvR4MJGDPbOQ=
    dependencies:
      - identity
      - newtype
      - prelude
      - tuples
      - type-equality
  effect:
    type: git
    url: https://github.com/purescm/purescript-core.git
    rev: 154d77119aa25b70f07f4b880dcba41ed811a852
    subdir: effect
    dependencies:
      - prelude
  either:
    type: registry
    version: 6.1.0
    integrity: sha256-6hgTPisnMWVwQivOu2PKYcH8uqjEOOqDyaDQVUchTpY=
    dependencies:
      - control
      - invariant
      - maybe
      - prelude
  enums:
    type: git
    url: https://github.com/purescm/purescript-core.git
    rev: 154d77119aa25b70f07f4b880dcba41ed811a852
    subdir: enums
    dependencies:
      - control
      - either
      - gen
      - maybe
      - newtype
      - nonempty
      - partial
      - prelude
      - tuples
      - unfoldable
  exceptions:
    type: git
    url: https://github.com/purescm/purescript-core.git
    rev: 154d77119aa25b70f07f4b880dcba41ed811a852
    subdir: exceptions
    dependencies:
      - effect
      - either
      - maybe
      - prelude
  exists:
    type: registry
    version: 6.0.0
    integrity: sha256-A0JQHpTfo1dNOj9U5/Fd3xndlRSE0g2IQWOGor2yXn8=
    dependencies:
      - unsafe-coerce
  filterable:
    type: registry
    version: 5.0.0
    integrity: sha256-cCojJHRnTmpY1j1kegI4CFwghdQ2Fm/8dzM8IlC+lng=
    dependencies:
      - arrays
      - either
      - foldable-traversable
      - identity
      - lists
      - ordered-collections
  foldable-traversable:
    type: git
    url: https://github.com/purescm/purescript-core.git
    rev: 154d77119aa25b70f07f4b880dcba41ed811a852
    subdir: foldable-traversable
    dependencies:
      - bifunctors
      - const
      - control
      - either
      - functors
      - identity
      - maybe
      - newtype
      - orders
      - prelude
      - tuples
  free:
    type: registry
    version: 7.1.0
    integrity: sha256-JAumgEsGSzJCNLD8AaFvuX7CpqS5yruCngi6yI7+V5k=
    dependencies:
      - catenable-lists
      - control
      - distributive
      - either
      - exists
      - foldable-traversable
      - invariant
      - lazy
      - maybe
      - prelude
      - tailrec
      - transformers
      - tuples
      - unsafe-coerce
  functions:
    type: git
    url: https://github.com/purescm/purescript-core.git
    rev: 154d77119aa25b70f07f4b880dcba41ed811a852
    subdir: functions
    dependencies:
      - prelude
  functors:
    type: registry
    version: 5.0.0
    integrity: sha256-zfPWWYisbD84MqwpJSZFlvM6v86McM68ob8p9s27ywU=
    dependencies:
      - bifunctors
      - const
      - contravariant
      - control
      - distributive
      - either
      - invariant
      - maybe
      - newtype
      - prelude
      - profunctor
      - tuples
      - unsafe-coerce
  gen:
    type: registry
    version: 4.0.0
    integrity: sha256-f7yzAXWwr+xnaqEOcvyO3ezKdoes8+WXWdXIHDBCAPI=
    dependencies:
      - either
      - foldable-traversable
      - identity
      - maybe
      - newtype
      - nonempty
      - prelude
      - tailrec
      - tuples
      - unfoldable
  identity:
    type: registry
    version: 6.0.0
    integrity: sha256-4wY0XZbAksjY6UAg99WkuKyJlQlWAfTi2ssadH0wVMY=
    dependencies:
      - control
      - invariant
      - newtype
      - prelude
  integers:
    type: git
    url: https://github.com/purescm/purescript-core.git
    rev: 154d77119aa25b70f07f4b880dcba41ed811a852
    subdir: integers
    dependencies:
      - maybe
      - numbers
      - prelude
  invariant:
    type: registry
    version: 6.0.0
    integrity: sha256-RGWWyYrz0Hs1KjPDA+87Kia67ZFBhfJ5lMGOMCEFoLo=
    dependencies:
      - control
      - prelude
  lazy:
    type: git
    url: https://github.com/purescm/purescript-core.git
    rev: 154d77119aa25b70f07f4b880dcba41ed811a852
    subdir: lazy
    dependencies:
      - control
      - effect
      - foldable-traversable
      - invariant
      - prelude
  lists:
    type: registry
    version: 7.0.0
    integrity: sha256-EKF15qYqucuXP2lT/xPxhqy58f0FFT6KHdIB/yBOayI=
    dependencies:
      - bifunctors
      - control
      - foldable-traversable
      - lazy
      - maybe
      - newtype
      - nonempty
      - partial
      - prelude
      - tailrec
      - tuples
      - unfoldable
  maybe:
    type: registry
    version: 6.0.0
    integrity: sha256-5cCIb0wPwbat2PRkQhUeZO0jcAmf8jCt2qE0wbC3v2Q=
    dependencies:
      - control
      - invariant
      - newtype
      - prelude
  minibench:
    type: git
    url: https://github.com/purescm/purescript-core.git
    rev: 154d77119aa25b70f07f4b880dcba41ed811a852
    subdir: minibench
    dependencies:
      - console
      - effect
      - integers
      - numbers
      - partial
      - prelude
      - refs
  newtype:
    type: registry
    version: 5.0.0
    integrity: sha256-gdrQu8oGe9eZE6L3wOI8ql/igOg+zEGB5ITh2g+uttw=
    dependencies:
      - prelude
      - safe-coerce
  nonempty:
    type: registry
    version: 7.0.0
    integrity: sha256-54ablJZUHGvvlTJzi3oXyPCuvY6zsrWJuH/dMJ/MFLs=
    dependencies:
      - control
      - foldable-traversable
      - maybe
      - prelude
      - tuples
      - unfoldable
  numbers:
    type: git
    url: https://github.com/purescm/purescript-core.git
    rev: 154d77119aa25b70f07f4b880dcba41ed811a852
    subdir: numbers
    dependencies:
      - functions
      - maybe
  ordered-collections:
    type: registry
    version: 3.1.1
    integrity: sha256-boSYHmlz4aSbwsNN4VxiwCStc0t+y1F7BXmBS+1JNtI=
    dependencies:
      - arrays
      - foldable-traversable
      - gen
      - lists
      - maybe
      - partial
      - prelude
      - st
      - tailrec
      - tuples
      - unfoldable
  orders:
    type: registry
    version: 6.0.0
    integrity: sha256-nBA0g3/ai0euH8q9pSbGqk53W2q6agm/dECZTHcoink=
    dependencies:
      - newtype
      - prelude
  parallel:
    type: registry
    version: 7.0.0
    integrity: sha256-gUC9i4Txnx9K9RcMLsjujbwZz6BB1bnE2MLvw4GIw5o=
    dependencies:
      - control
      - effect
      - either
      - foldable-traversable
      - functors
      - maybe
      - newtype
      - prelude
      - profunctor
      - refs
      - transformers
  partial:
    type: git
    url: https://github.com/purescm/purescript-core.git
    rev: 154d77119aa25b70f07f4b880dcba41ed811a852
    subdir: partial
    dependencies: []
  prelude:
    type: local
    path: ../../core-mono/prelude
    dependencies: []
  profunctor:
    type: registry
    version: 6.0.0
    integrity: sha256-99NzxFgTr4CGlCSRYG1kShL+JhYbihhHtbOk1/0R5zI=
    dependencies:
      - control
      - distributive
      - either
      - exists
      - invariant
      - newtype
      - prelude
      - tuples
  record:
    type: local
    path: ../../core-mono/record
    dependencies:
      - functions
      - prelude
      - unsafe-coerce
  refs:
    type: git
    url: https://github.com/purescm/purescript-core.git
    rev: 154d77119aa25b70f07f4b880dcba41ed811a852
    subdir: refs
    dependencies:
      - effect
      - prelude
  safe-coerce:
    type: registry
    version: 2.0.0
    integrity: sha256-a1ibQkiUcbODbLE/WAq7Ttbbh9ex+x33VCQ7GngKudU=
    dependencies:
      - unsafe-coerce
  semirings:
    type: registry
    version: 7.0.0
    integrity: sha256-2qGNMxVYns7RJxZd1uGtJbGTeVl/6Ozsz9OM5gRM61A=
    dependencies:
      - foldable-traversable
      - lists
      - newtype
      - prelude
  st:
    type: git
    url: https://github.com/purescm/purescript-core.git
    rev: 154d77119aa25b70f07f4b880dcba41ed811a852
    subdir: st
    dependencies:
      - partial
      - prelude
      - tailrec
      - unsafe-coerce
  tailrec:
    type: registry
    version: 6.1.0
    integrity: sha256-Xx19ECVDRrDWpz9D2GxQHHV89vd61dnXxQm0IcYQHGk=
    dependencies:
      - bifunctors
      - effect
      - either
      - identity
      - maybe
      - partial
      - prelude
      - refs
  transformers:
    type: registry
    version: 6.0.0
    integrity: sha256-Pzw40HjthX77tdPAYzjx43LK3X5Bb7ZspYAp27wksFA=
    dependencies:
      - control
      - distributive
      - effect
      - either
      - exceptions
      - foldable-traversable
      - identity
      - lazy
      - maybe
      - newtype
      - prelude
      - tailrec
      - tuples
      - unfoldable
  tuples:
    type: registry
    version: 7.0.0
    integrity: sha256-1rXgTomes9105BjgXqIw0FL6Fz1lqqUTLWOumhWec1M=
    dependencies:
      - control
      - invariant
      - prelude
  type-equality:
    type: registry
    version: 4.0.1
    integrity: sha256-Hs9D6Y71zFi/b+qu5NSbuadUQXe5iv5iWx0226vOHUw=
    dependencies: []
  unfoldable:
    type: git
    url: https://github.com/purescm/purescript-core.git
    rev: 154d77119aa25b70f07f4b880dcba41ed811a852
    subdir: unfoldable
    dependencies:
      - foldable-traversable
      - maybe
      - partial
      - prelude
      - tuples
  unsafe-coerce:
    type: git
    url: https://github.com/purescm/purescript-core.git
    rev: 154d77119aa25b70f07f4b880dcba41ed811a852
    subdir: unsafe-coerce
    dependencies: []
  validation:
    type: registry
    version: 6.0.0
    integrity: sha256-kfFailaIW4spGxbRk4261z/RGT0Sb7Dx5f3qihy0MTw=
    dependencies:
      - bifunctors
      - control
      - either
      - foldable-traversable
      - newtype
      - prelude
